
Microsoft Visual Studio Solution File, Format Version 12.00
# Visual Studio Version 16
VisualStudioVersion = 16.0.29215.179
MinimumVisualStudioVersion = 10.0.40219.1
Project("{9A19103F-16F7-4668-BE54-9A1E7A4F7556}") = "PenshellCLI", "PenshellCLI\PenshellCLI.csproj", "{766A0D1D-58A8-4ADD-92DC-8EBF86AF8B96}"
EndProject
Project("{9A19103F-16F7-4668-BE54-9A1E7A4F7556}") = "Penshell.Core", "Penshell.Core\Penshell.Core.csproj", "{13A2C1D0-6098-4AB1-84B1-A7DA28944B55}"
EndProject
Project("{9A19103F-16F7-4668-BE54-9A1E7A4F7556}") = "Penshell.Commands.Math", "Penshell.Commands.Math\Penshell.Commands.Math.csproj", "{2CF272F4-2439-43B5-84DF-076E9193CF7E}"
EndProject
Project("{2150E333-8FDC-42A3-9474-1A3956D46DE8}") = "_Solution Items", "_Solution Items", "{8FFEA07D-5DD7-42EE-8654-4BDBB6713EFA}"
	ProjectSection(SolutionItems) = preProject
		Directory.Build.props = Directory.Build.props
		Directory.Build.targets = Directory.Build.targets
		Solution.ruleset = Solution.ruleset
		stylecop.json = stylecop.json
	EndProjectSection
EndProject
Project("{9A19103F-16F7-4668-BE54-9A1E7A4F7556}") = "Penshell.Commands.Math.Tests", "Penshell.Commands.Math.Tests\Penshell.Commands.Math.Tests.csproj", "{54B4AB40-6443-4751-B59D-66F0844DE4FC}"
EndProject
Project("{9A19103F-16F7-4668-BE54-9A1E7A4F7556}") = "Penshell.Commands.IO", "Penshell.Commands.IO\Penshell.Commands.IO.csproj", "{ECDD391A-7C64-4566-B62D-3DC9C3809ABD}"
EndProject
Project("{2150E333-8FDC-42A3-9474-1A3956D46DE8}") = "Penshell.Commands", "Penshell.Commands", "{2C9CC332-180D-47C4-8F91-330525FDCA82}"
EndProject
Project("{2150E333-8FDC-42A3-9474-1A3956D46DE8}") = "_Script Examples", "_Script Examples", "{1A069DAD-9F79-4BA4-A047-8B0C40C0C13F}"
	ProjectSection(SolutionItems) = preProject
		ScriptExamples\IO.penshell = ScriptExamples\IO.penshell
		ScriptExamples\Math.penshell = ScriptExamples\Math.penshell
		ScriptExamples\Net.penshell = ScriptExamples\Net.penshell
	EndProjectSection
EndProject
Project("{9A19103F-16F7-4668-BE54-9A1E7A4F7556}") = "Penshell.Commands.Scripting", "Penshell.Commands.Scripting\Penshell.Commands.Scripting.csproj", "{22C3FBA8-AAB5-42E8-B948-BD10BA2BA8B5}"
EndProject
Project("{9A19103F-16F7-4668-BE54-9A1E7A4F7556}") = "Penshell.Commands.Net", "Penshell.Commands.Net\Penshell.Commands.Net.csproj", "{A42FE147-1914-4286-8881-1F02ED726DBF}"
EndProject
Project("{9A19103F-16F7-4668-BE54-9A1E7A4F7556}") = "Penshell.Commands.Process", "Penshell.Commands.Process\Penshell.Commands.Process.csproj", "{DAB70589-DFA2-42F9-8F7D-BC6449B4F77B}"
EndProject
Project("{9A19103F-16F7-4668-BE54-9A1E7A4F7556}") = "Penshell.Commands.Process.Tests", "Penshell.Commands.Process.Tests\Penshell.Commands.Process.Tests.csproj", "{31328B94-23F5-473A-8048-FE5653B02986}"
EndProject
Global
	GlobalSection(SolutionConfigurationPlatforms) = preSolution
		Debug|Any CPU = Debug|Any CPU
		Release|Any CPU = Release|Any CPU
	EndGlobalSection
	GlobalSection(ProjectConfigurationPlatforms) = postSolution
		{766A0D1D-58A8-4ADD-92DC-8EBF86AF8B96}.Debug|Any CPU.ActiveCfg = Debug|Any CPU
		{766A0D1D-58A8-4ADD-92DC-8EBF86AF8B96}.Debug|Any CPU.Build.0 = Debug|Any CPU
		{766A0D1D-58A8-4ADD-92DC-8EBF86AF8B96}.Release|Any CPU.ActiveCfg = Release|Any CPU
		{766A0D1D-58A8-4ADD-92DC-8EBF86AF8B96}.Release|Any CPU.Build.0 = Release|Any CPU
		{13A2C1D0-6098-4AB1-84B1-A7DA28944B55}.Debug|Any CPU.ActiveCfg = Debug|Any CPU
		{13A2C1D0-6098-4AB1-84B1-A7DA28944B55}.Debug|Any CPU.Build.0 = Debug|Any CPU
		{13A2C1D0-6098-4AB1-84B1-A7DA28944B55}.Release|Any CPU.ActiveCfg = Release|Any CPU
		{13A2C1D0-6098-4AB1-84B1-A7DA28944B55}.Release|Any CPU.Build.0 = Release|Any CPU
		{2CF272F4-2439-43B5-84DF-076E9193CF7E}.Debug|Any CPU.ActiveCfg = Debug|Any CPU
		{2CF272F4-2439-43B5-84DF-076E9193CF7E}.Debug|Any CPU.Build.0 = Debug|Any CPU
		{2CF272F4-2439-43B5-84DF-076E9193CF7E}.Release|Any CPU.ActiveCfg = Release|Any CPU
		{2CF272F4-2439-43B5-84DF-076E9193CF7E}.Release|Any CPU.Build.0 = Release|Any CPU
		{54B4AB40-6443-4751-B59D-66F0844DE4FC}.Debug|Any CPU.ActiveCfg = Debug|Any CPU
		{54B4AB40-6443-4751-B59D-66F0844DE4FC}.Debug|Any CPU.Build.0 = Debug|Any CPU
		{54B4AB40-6443-4751-B59D-66F0844DE4FC}.Release|Any CPU.ActiveCfg = Release|Any CPU
		{54B4AB40-6443-4751-B59D-66F0844DE4FC}.Release|Any CPU.Build.0 = Release|Any CPU
		{ECDD391A-7C64-4566-B62D-3DC9C3809ABD}.Debug|Any CPU.ActiveCfg = Debug|Any CPU
		{ECDD391A-7C64-4566-B62D-3DC9C3809ABD}.Debug|Any CPU.Build.0 = Debug|Any CPU
		{ECDD391A-7C64-4566-B62D-3DC9C3809ABD}.Release|Any CPU.ActiveCfg = Release|Any CPU
		{ECDD391A-7C64-4566-B62D-3DC9C3809ABD}.Release|Any CPU.Build.0 = Release|Any CPU
		{22C3FBA8-AAB5-42E8-B948-BD10BA2BA8B5}.Debug|Any CPU.ActiveCfg = Debug|Any CPU
		{22C3FBA8-AAB5-42E8-B948-BD10BA2BA8B5}.Debug|Any CPU.Build.0 = Debug|Any CPU
		{22C3FBA8-AAB5-42E8-B948-BD10BA2BA8B5}.Release|Any CPU.ActiveCfg = Release|Any CPU
		{22C3FBA8-AAB5-42E8-B948-BD10BA2BA8B5}.Release|Any CPU.Build.0 = Release|Any CPU
		{A42FE147-1914-4286-8881-1F02ED726DBF}.Debug|Any CPU.ActiveCfg = Debug|Any CPU
		{A42FE147-1914-4286-8881-1F02ED726DBF}.Debug|Any CPU.Build.0 = Debug|Any CPU
		{A42FE147-1914-4286-8881-1F02ED726DBF}.Release|Any CPU.ActiveCfg = Release|Any CPU
		{A42FE147-1914-4286-8881-1F02ED726DBF}.Release|Any CPU.Build.0 = Release|Any CPU
		{DAB70589-DFA2-42F9-8F7D-BC6449B4F77B}.Debug|Any CPU.ActiveCfg = Debug|Any CPU
		{DAB70589-DFA2-42F9-8F7D-BC6449B4F77B}.Debug|Any CPU.Build.0 = Debug|Any CPU
		{DAB70589-DFA2-42F9-8F7D-BC6449B4F77B}.Release|Any CPU.ActiveCfg = Release|Any CPU
		{DAB70589-DFA2-42F9-8F7D-BC6449B4F77B}.Release|Any CPU.Build.0 = Release|Any CPU
		{31328B94-23F5-473A-8048-FE5653B02986}.Debug|Any CPU.ActiveCfg = Debug|Any CPU
		{31328B94-23F5-473A-8048-FE5653B02986}.Debug|Any CPU.Build.0 = Debug|Any CPU
		{31328B94-23F5-473A-8048-FE5653B02986}.Release|Any CPU.ActiveCfg = Release|Any CPU
		{31328B94-23F5-473A-8048-FE5653B02986}.Release|Any CPU.Build.0 = Release|Any CPU
	EndGlobalSection
	GlobalSection(SolutionProperties) = preSolution
		HideSolutionNode = FALSE
	EndGlobalSection
	GlobalSection(NestedProjects) = preSolution
		{2CF272F4-2439-43B5-84DF-076E9193CF7E} = {2C9CC332-180D-47C4-8F91-330525FDCA82}
		{54B4AB40-6443-4751-B59D-66F0844DE4FC} = {2C9CC332-180D-47C4-8F91-330525FDCA82}
		{ECDD391A-7C64-4566-B62D-3DC9C3809ABD} = {2C9CC332-180D-47C4-8F91-330525FDCA82}
		{22C3FBA8-AAB5-42E8-B948-BD10BA2BA8B5} = {2C9CC332-180D-47C4-8F91-330525FDCA82}
		{A42FE147-1914-4286-8881-1F02ED726DBF} = {2C9CC332-180D-47C4-8F91-330525FDCA82}
		{DAB70589-DFA2-42F9-8F7D-BC6449B4F77B} = {2C9CC332-180D-47C4-8F91-330525FDCA82}
		{31328B94-23F5-473A-8048-FE5653B02986} = {2C9CC332-180D-47C4-8F91-330525FDCA82}
	EndGlobalSection
	GlobalSection(ExtensibilityGlobals) = postSolution
		SolutionGuid = {758B9B2A-AA95-477A-99BC-554051497409}
	EndGlobalSection
EndGlobal
